
Microsoft Visual Studio Solution File, Format Version 12.00
# Visual Studio Version 17
VisualStudioVersion = 17.9.34728.123
MinimumVisualStudioVersion = 10.0.40219.1
Project("{FAE04EC0-301F-11D3-BF4B-00C04F79EFBC}") = "EDExoBioHunt", "EDExoBioHunt\EDExoBioHunt.csproj", "{694D698F-390E-4F8A-89C6-615905815850}"
EndProject
Global
	GlobalSection(SolutionConfigurationPlatforms) = preSolution
		Debug|Any CPU = Debug|Any CPU
		Release|Any CPU = Release|Any CPU
	EndGlobalSection
	GlobalSection(ProjectConfigurationPlatforms) = postSolution
		{694D698F-390E-4F8A-89C6-615905815850}.Debug|Any CPU.ActiveCfg = Debug|Any CPU
		{694D698F-390E-4F8A-89C6-615905815850}.Debug|Any CPU.Build.0 = Debug|Any CPU
		{694D698F-390E-4F8A-89C6-615905815850}.Release|Any CPU.ActiveCfg = Release|Any CPU
		{694D698F-390E-4F8A-89C6-615905815850}.Release|Any CPU.Build.0 = Release|Any CPU
	EndGlobalSection
	GlobalSection(SolutionProperties) = preSolution
		HideSolutionNode = FALSE
	EndGlobalSection
	GlobalSection(ExtensibilityGlobals) = postSolution
		SolutionGuid = {17DE125D-396C-42C5-891B-DE6CEEB5AA35}
	EndGlobalSection
EndGlobal
